PODS:
  - Flutter (1.0.0)
  - rinf (0.1.0):
    - Flutter

DEPENDENCIES:
  - Flutter (from `Flutter`)
  - rinf (from `.symlinks/plugins/rinf/ios`)

EXTERNAL SOURCES:
  Flutter:
    :path: Flutter
  rinf:
    :path: ".symlinks/plugins/rinf/ios"

SPEC CHECKSUMS:
  Flutter: e0871f40cf51350855a761d2e70bf5af5b9b5de7
  rinf: 6e8eee5c3ad31f9cee0acaf64518ac3e5266cd0d

PODFILE CHECKSUM: 819463e6a0290f5a72f145ba7cde16e8b6ef0796

COCOAPODS: 1.16.2
